
Microsoft Visual Studio Solution File, Format Version 12.00
# Visual Studio 15
VisualStudioVersion = 15.0.28307.168
MinimumVisualStudioVersion = 10.0.40219.1
Project("{F184B08F-C81C-45F6-A57F-5ABD9991F28F}") = "ComlianceManager.App", "ComlianceManager.App\ComlianceManager.App.vbproj", "{37D4B780-B84C-487D-827D-150610092440}"
EndProject
Project("{F184B08F-C81C-45F6-A57F-5ABD9991F28F}") = "SPS.ViewModel.Infrastructure", "SPS.ViewModel.Infrastructure\SPS.ViewModel.Infrastructure.vbproj", "{B6BD0E5C-D9A3-4EB0-A7A0-FFB18743FDAD}"
EndProject
Project("{F184B08F-C81C-45F6-A57F-5ABD9991F28F}") = "ComplianceManager.Model", "ComplianceManager.Model\ComplianceManager.Model.vbproj", "{6FB9247D-FA3C-41DD-B0C2-F424D131A3D2}"
EndProject
Project("{F184B08F-C81C-45F6-A57F-5ABD9991F28F}") = "ComplianceManager.Context", "ComplianceManager.Context\ComplianceManager.Context.vbproj", "{8AB1B4CC-871E-407E-9356-E5585444A40F}"
EndProject
Project("{F184B08F-C81C-45F6-A57F-5ABD9991F28F}") = "ComplianceManager.ViewModel", "ComplianceManager.ViewModel\ComplianceManager.ViewModel.vbproj", "{40299B4A-4CDD-42B6-A834-B51C5B8E12EE}"
EndProject
Project("{F184B08F-C81C-45F6-A57F-5ABD9991F28F}") = "ComplianceManager.Views", "ComplianceManager.Views\ComplianceManager.Views.vbproj", "{DEA5B46F-A600-42DB-9E75-A43ABF71E869}"
EndProject
Project("{FAE04EC0-301F-11D3-BF4B-00C04F79EFBC}") = "OutlookDataObject", "OutlookDataObject\OutlookDataObject.csproj", "{2D364490-7AB2-476F-82B1-B8C8577DF857}"
EndProject
Global
	GlobalSection(SolutionConfigurationPlatforms) = preSolution
		Debug|Any CPU = Debug|Any CPU
		Release|Any CPU = Release|Any CPU
	EndGlobalSection
	GlobalSection(ProjectConfigurationPlatforms) = postSolution
		{37D4B780-B84C-487D-827D-150610092440}.Debug|Any CPU.ActiveCfg = Debug|Any CPU
		{37D4B780-B84C-487D-827D-150610092440}.Debug|Any CPU.Build.0 = Debug|Any CPU
		{37D4B780-B84C-487D-827D-150610092440}.Release|Any CPU.ActiveCfg = Release|Any CPU
		{37D4B780-B84C-487D-827D-150610092440}.Release|Any CPU.Build.0 = Release|Any CPU
		{B6BD0E5C-D9A3-4EB0-A7A0-FFB18743FDAD}.Debug|Any CPU.ActiveCfg = Debug|Any CPU
		{B6BD0E5C-D9A3-4EB0-A7A0-FFB18743FDAD}.Debug|Any CPU.Build.0 = Debug|Any CPU
		{B6BD0E5C-D9A3-4EB0-A7A0-FFB18743FDAD}.Release|Any CPU.ActiveCfg = Release|Any CPU
		{B6BD0E5C-D9A3-4EB0-A7A0-FFB18743FDAD}.Release|Any CPU.Build.0 = Release|Any CPU
		{6FB9247D-FA3C-41DD-B0C2-F424D131A3D2}.Debug|Any CPU.ActiveCfg = Debug|Any CPU
		{6FB9247D-FA3C-41DD-B0C2-F424D131A3D2}.Debug|Any CPU.Build.0 = Debug|Any CPU
		{6FB9247D-FA3C-41DD-B0C2-F424D131A3D2}.Release|Any CPU.ActiveCfg = Release|Any CPU
		{6FB9247D-FA3C-41DD-B0C2-F424D131A3D2}.Release|Any CPU.Build.0 = Release|Any CPU
		{8AB1B4CC-871E-407E-9356-E5585444A40F}.Debug|Any CPU.ActiveCfg = Debug|Any CPU
		{8AB1B4CC-871E-407E-9356-E5585444A40F}.Debug|Any CPU.Build.0 = Debug|Any CPU
		{8AB1B4CC-871E-407E-9356-E5585444A40F}.Release|Any CPU.ActiveCfg = Release|Any CPU
		{8AB1B4CC-871E-407E-9356-E5585444A40F}.Release|Any CPU.Build.0 = Release|Any CPU
		{40299B4A-4CDD-42B6-A834-B51C5B8E12EE}.Debug|Any CPU.ActiveCfg = Debug|Any CPU
		{40299B4A-4CDD-42B6-A834-B51C5B8E12EE}.Debug|Any CPU.Build.0 = Debug|Any CPU
		{40299B4A-4CDD-42B6-A834-B51C5B8E12EE}.Release|Any CPU.ActiveCfg = Release|Any CPU
		{40299B4A-4CDD-42B6-A834-B51C5B8E12EE}.Release|Any CPU.Build.0 = Release|Any CPU
		{DEA5B46F-A600-42DB-9E75-A43ABF71E869}.Debug|Any CPU.ActiveCfg = Debug|Any CPU
		{DEA5B46F-A600-42DB-9E75-A43ABF71E869}.Debug|Any CPU.Build.0 = Debug|Any CPU
		{DEA5B46F-A600-42DB-9E75-A43ABF71E869}.Release|Any CPU.ActiveCfg = Release|Any CPU
		{DEA5B46F-A600-42DB-9E75-A43ABF71E869}.Release|Any CPU.Build.0 = Release|Any CPU
		{2D364490-7AB2-476F-82B1-B8C8577DF857}.Debug|Any CPU.ActiveCfg = Debug|Any CPU
		{2D364490-7AB2-476F-82B1-B8C8577DF857}.Debug|Any CPU.Build.0 = Debug|Any CPU
		{2D364490-7AB2-476F-82B1-B8C8577DF857}.Release|Any CPU.ActiveCfg = Release|Any CPU
		{2D364490-7AB2-476F-82B1-B8C8577DF857}.Release|Any CPU.Build.0 = Release|Any CPU
	EndGlobalSection
	GlobalSection(SolutionProperties) = preSolution
		HideSolutionNode = FALSE
	EndGlobalSection
	GlobalSection(ExtensibilityGlobals) = postSolution
		SolutionGuid = {C92CA92B-6345-4CA3-ADEC-F491BB647E3B}
	EndGlobalSection
EndGlobal
